
Microsoft Visual Studio Solution File, Format Version 12.00
# Visual Studio 14
VisualStudioVersion = 14.0.24720.0
MinimumVisualStudioVersion = 10.0.40219.1
Project("{FAE04EC0-301F-11D3-BF4B-00C04F79EFBC}") = "ConsultAdminMobileProject.Droid", "ConsultAdminMobileProject\ConsultAdminMobileProject.Droid\ConsultAdminMobileProject.Droid.csproj", "{CECD5054-DA32-40B6-A3F8-3DEE27F0882B}"
EndProject
Project("{FAE04EC0-301F-11D3-BF4B-00C04F79EFBC}") = "ConsultAdminMobileProject.iOS", "ConsultAdminMobileProject\ConsultAdminMobileProject.iOS\ConsultAdminMobileProject.iOS.csproj", "{E54AF65F-76BB-472C-8A48-C57F5090A26A}"
EndProject
Project("{FAE04EC0-301F-11D3-BF4B-00C04F79EFBC}") = "ConsultAdminMobileProject.WinPhone", "ConsultAdminMobileProject\ConsultAdminMobileProject.WinPhone\ConsultAdminMobileProject.WinPhone.csproj", "{1A222AE9-C450-4C95-B968-60A4428DB7DB}"
EndProject
Project("{FAE04EC0-301F-11D3-BF4B-00C04F79EFBC}") = "ConsultAdminMobileProject.Windows", "ConsultAdminMobileProject\ConsultAdminMobileProject.Windows\ConsultAdminMobileProject.Windows.csproj", "{D85AB325-42B0-4B3F-87CF-36F07B969C04}"
EndProject
Project("{FAE04EC0-301F-11D3-BF4B-00C04F79EFBC}") = "ConsultAdminMobileProject", "ConsultAdminMobileProject\ConsultAdminMobileProject\ConsultAdminMobileProject.csproj", "{BA19617F-AFA8-458E-AF43-23B8B0824F85}"
EndProject
Project("{2150E333-8FDC-42A3-9474-1A3956D46DE8}") = "Targets", "Targets", "{B454E3EB-C529-455B-B561-F11AABCD80B1}"
EndProject
Project("{FAE04EC0-301F-11D3-BF4B-00C04F79EFBC}") = "ConsultAdmin.Entities", "ConsultAdmin.Entities\ConsultAdmin.Entities.csproj", "{67F9D3A8-F71E-4428-913F-C37AE82CDB24}"
EndProject
Project("{FAE04EC0-301F-11D3-BF4B-00C04F79EFBC}") = "ConsultAdminMobileProject.UI", "ConsultAdminMobileProject.UI\ConsultAdminMobileProject.UI.csproj", "{40A044FF-549D-4F1D-B11A-50D8A3576EB0}"
EndProject
Global
	GlobalSection(SolutionConfigurationPlatforms) = preSolution
		Ad-Hoc|Any CPU = Ad-Hoc|Any CPU
		Ad-Hoc|ARM = Ad-Hoc|ARM
		Ad-Hoc|iPhone = Ad-Hoc|iPhone
		Ad-Hoc|iPhoneSimulator = Ad-Hoc|iPhoneSimulator
		Ad-Hoc|x64 = Ad-Hoc|x64
		Ad-Hoc|x86 = Ad-Hoc|x86
		AppStore|Any CPU = AppStore|Any CPU
		AppStore|ARM = AppStore|ARM
		AppStore|iPhone = AppStore|iPhone
		AppStore|iPhoneSimulator = AppStore|iPhoneSimulator
		AppStore|x64 = AppStore|x64
		AppStore|x86 = AppStore|x86
		Debug|Any CPU = Debug|Any CPU
		Debug|ARM = Debug|ARM
		Debug|iPhone = Debug|iPhone
		Debug|iPhoneSimulator = Debug|iPhoneSimulator
		Debug|x64 = Debug|x64
		Debug|x86 = Debug|x86
		Release|Any CPU = Release|Any CPU
		Release|ARM = Release|ARM
		Release|iPhone = Release|iPhone
		Release|iPhoneSimulator = Release|iPhoneSimulator
		Release|x64 = Release|x64
		Release|x86 = Release|x86
	EndGlobalSection
	GlobalSection(ProjectConfigurationPlatforms) = postSolution
		{CECD5054-DA32-40B6-A3F8-3DEE27F0882B}.Ad-Hoc|Any CPU.ActiveCfg = Release|Any CPU
		{CECD5054-DA32-40B6-A3F8-3DEE27F0882B}.Ad-Hoc|Any CPU.Build.0 = Release|Any CPU
		{CECD5054-DA32-40B6-A3F8-3DEE27F0882B}.Ad-Hoc|Any CPU.Deploy.0 = Release|Any CPU
		{CECD5054-DA32-40B6-A3F8-3DEE27F0882B}.Ad-Hoc|ARM.ActiveCfg = Release|Any CPU
		{CECD5054-DA32-40B6-A3F8-3DEE27F0882B}.Ad-Hoc|ARM.Build.0 = Release|Any CPU
		{CECD5054-DA32-40B6-A3F8-3DEE27F0882B}.Ad-Hoc|ARM.Deploy.0 = Release|Any CPU
		{CECD5054-DA32-40B6-A3F8-3DEE27F0882B}.Ad-Hoc|iPhone.ActiveCfg = Release|Any CPU
		{CECD5054-DA32-40B6-A3F8-3DEE27F0882B}.Ad-Hoc|iPhone.Build.0 = Release|Any CPU
		{CECD5054-DA32-40B6-A3F8-3DEE27F0882B}.Ad-Hoc|iPhone.Deploy.0 = Release|Any CPU
		{CECD5054-DA32-40B6-A3F8-3DEE27F0882B}.Ad-Hoc|iPhoneSimulator.ActiveCfg = Release|Any CPU
		{CECD5054-DA32-40B6-A3F8-3DEE27F0882B}.Ad-Hoc|iPhoneSimulator.Build.0 = Release|Any CPU
		{CECD5054-DA32-40B6-A3F8-3DEE27F0882B}.Ad-Hoc|iPhoneSimulator.Deploy.0 = Release|Any CPU
		{CECD5054-DA32-40B6-A3F8-3DEE27F0882B}.Ad-Hoc|x64.ActiveCfg = Release|Any CPU
		{CECD5054-DA32-40B6-A3F8-3DEE27F0882B}.Ad-Hoc|x64.Build.0 = Release|Any CPU
		{CECD5054-DA32-40B6-A3F8-3DEE27F0882B}.Ad-Hoc|x64.Deploy.0 = Release|Any CPU
		{CECD5054-DA32-40B6-A3F8-3DEE27F0882B}.Ad-Hoc|x86.ActiveCfg = Release|Any CPU
		{CECD5054-DA32-40B6-A3F8-3DEE27F0882B}.Ad-Hoc|x86.Build.0 = Release|Any CPU
		{CECD5054-DA32-40B6-A3F8-3DEE27F0882B}.Ad-Hoc|x86.Deploy.0 = Release|Any CPU
		{CECD5054-DA32-40B6-A3F8-3DEE27F0882B}.AppStore|Any CPU.ActiveCfg = Release|Any CPU
		{CECD5054-DA32-40B6-A3F8-3DEE27F0882B}.AppStore|Any CPU.Build.0 = Release|Any CPU
		{CECD5054-DA32-40B6-A3F8-3DEE27F0882B}.AppStore|Any CPU.Deploy.0 = Release|Any CPU
		{CECD5054-DA32-40B6-A3F8-3DEE27F0882B}.AppStore|ARM.ActiveCfg = Release|Any CPU
		{CECD5054-DA32-40B6-A3F8-3DEE27F0882B}.AppStore|ARM.Build.0 = Release|Any CPU
		{CECD5054-DA32-40B6-A3F8-3DEE27F0882B}.AppStore|ARM.Deploy.0 = Release|Any CPU
		{CECD5054-DA32-40B6-A3F8-3DEE27F0882B}.AppStore|iPhone.ActiveCfg = Release|Any CPU
		{CECD5054-DA32-40B6-A3F8-3DEE27F0882B}.AppStore|iPhone.Build.0 = Release|Any CPU
		{CECD5054-DA32-40B6-A3F8-3DEE27F0882B}.AppStore|iPhone.Deploy.0 = Release|Any CPU
		{CECD5054-DA32-40B6-A3F8-3DEE27F0882B}.AppStore|iPhoneSimulator.ActiveCfg = Release|Any CPU
		{CECD5054-DA32-40B6-A3F8-3DEE27F0882B}.AppStore|iPhoneSimulator.Build.0 = Release|Any CPU
		{CECD5054-DA32-40B6-A3F8-3DEE27F0882B}.AppStore|iPhoneSimulator.Deploy.0 = Release|Any CPU
		{CECD5054-DA32-40B6-A3F8-3DEE27F0882B}.AppStore|x64.ActiveCfg = Release|Any CPU
		{CECD5054-DA32-40B6-A3F8-3DEE27F0882B}.AppStore|x64.Build.0 = Release|Any CPU
		{CECD5054-DA32-40B6-A3F8-3DEE27F0882B}.AppStore|x64.Deploy.0 = Release|Any CPU
		{CECD5054-DA32-40B6-A3F8-3DEE27F0882B}.AppStore|x86.ActiveCfg = Release|Any CPU
		{CECD5054-DA32-40B6-A3F8-3DEE27F0882B}.AppStore|x86.Build.0 = Release|Any CPU
		{CECD5054-DA32-40B6-A3F8-3DEE27F0882B}.AppStore|x86.Deploy.0 = Release|Any CPU
		{CECD5054-DA32-40B6-A3F8-3DEE27F0882B}.Debug|Any CPU.ActiveCfg = Debug|Any CPU
		{CECD5054-DA32-40B6-A3F8-3DEE27F0882B}.Debug|Any CPU.Build.0 = Debug|Any CPU
		{CECD5054-DA32-40B6-A3F8-3DEE27F0882B}.Debug|Any CPU.Deploy.0 = Debug|Any CPU
		{CECD5054-DA32-40B6-A3F8-3DEE27F0882B}.Debug|ARM.ActiveCfg = Debug|Any CPU
		{CECD5054-DA32-40B6-A3F8-3DEE27F0882B}.Debug|ARM.Build.0 = Debug|Any CPU
		{CECD5054-DA32-40B6-A3F8-3DEE27F0882B}.Debug|ARM.Deploy.0 = Debug|Any CPU
		{CECD5054-DA32-40B6-A3F8-3DEE27F0882B}.Debug|iPhone.ActiveCfg = Debug|Any CPU
		{CECD5054-DA32-40B6-A3F8-3DEE27F0882B}.Debug|iPhone.Build.0 = Debug|Any CPU
		{CECD5054-DA32-40B6-A3F8-3DEE27F0882B}.Debug|iPhone.Deploy.0 = Debug|Any CPU
		{CECD5054-DA32-40B6-A3F8-3DEE27F0882B}.Debug|iPhoneSimulator.ActiveCfg = Debug|Any CPU
		{CECD5054-DA32-40B6-A3F8-3DEE27F0882B}.Debug|iPhoneSimulator.Build.0 = Debug|Any CPU
		{CECD5054-DA32-40B6-A3F8-3DEE27F0882B}.Debug|iPhoneSimulator.Deploy.0 = Debug|Any CPU
		{CECD5054-DA32-40B6-A3F8-3DEE27F0882B}.Debug|x64.ActiveCfg = Debug|Any CPU
		{CECD5054-DA32-40B6-A3F8-3DEE27F0882B}.Debug|x64.Build.0 = Debug|Any CPU
		{CECD5054-DA32-40B6-A3F8-3DEE27F0882B}.Debug|x64.Deploy.0 = Debug|Any CPU
		{CECD5054-DA32-40B6-A3F8-3DEE27F0882B}.Debug|x86.ActiveCfg = Debug|Any CPU
		{CECD5054-DA32-40B6-A3F8-3DEE27F0882B}.Debug|x86.Build.0 = Debug|Any CPU
		{CECD5054-DA32-40B6-A3F8-3DEE27F0882B}.Debug|x86.Deploy.0 = Debug|Any CPU
		{CECD5054-DA32-40B6-A3F8-3DEE27F0882B}.Release|Any CPU.ActiveCfg = Release|Any CPU
		{CECD5054-DA32-40B6-A3F8-3DEE27F0882B}.Release|Any CPU.Build.0 = Release|Any CPU
		{CECD5054-DA32-40B6-A3F8-3DEE27F0882B}.Release|Any CPU.Deploy.0 = Release|Any CPU
		{CECD5054-DA32-40B6-A3F8-3DEE27F0882B}.Release|ARM.ActiveCfg = Release|Any CPU
		{CECD5054-DA32-40B6-A3F8-3DEE27F0882B}.Release|ARM.Build.0 = Release|Any CPU
		{CECD5054-DA32-40B6-A3F8-3DEE27F0882B}.Release|ARM.Deploy.0 = Release|Any CPU
		{CECD5054-DA32-40B6-A3F8-3DEE27F0882B}.Release|iPhone.ActiveCfg = Release|Any CPU
		{CECD5054-DA32-40B6-A3F8-3DEE27F0882B}.Release|iPhone.Build.0 = Release|Any CPU
		{CECD5054-DA32-40B6-A3F8-3DEE27F0882B}.Release|iPhone.Deploy.0 = Release|Any CPU
		{CECD5054-DA32-40B6-A3F8-3DEE27F0882B}.Release|iPhoneSimulator.ActiveCfg = Release|Any CPU
		{CECD5054-DA32-40B6-A3F8-3DEE27F0882B}.Release|iPhoneSimulator.Build.0 = Release|Any CPU
		{CECD5054-DA32-40B6-A3F8-3DEE27F0882B}.Release|iPhoneSimulator.Deploy.0 = Release|Any CPU
		{CECD5054-DA32-40B6-A3F8-3DEE27F0882B}.Release|x64.ActiveCfg = Release|Any CPU
		{CECD5054-DA32-40B6-A3F8-3DEE27F0882B}.Release|x64.Build.0 = Release|Any CPU
		{CECD5054-DA32-40B6-A3F8-3DEE27F0882B}.Release|x64.Deploy.0 = Release|Any CPU
		{CECD5054-DA32-40B6-A3F8-3DEE27F0882B}.Release|x86.ActiveCfg = Release|Any CPU
		{CECD5054-DA32-40B6-A3F8-3DEE27F0882B}.Release|x86.Build.0 = Release|Any CPU
		{CECD5054-DA32-40B6-A3F8-3DEE27F0882B}.Release|x86.Deploy.0 = Release|Any CPU
		{E54AF65F-76BB-472C-8A48-C57F5090A26A}.Ad-Hoc|Any CPU.ActiveCfg = Ad-Hoc|iPhone
		{E54AF65F-76BB-472C-8A48-C57F5090A26A}.Ad-Hoc|ARM.ActiveCfg = Ad-Hoc|iPhone
		{E54AF65F-76BB-472C-8A48-C57F5090A26A}.Ad-Hoc|iPhone.ActiveCfg = Ad-Hoc|iPhone
		{E54AF65F-76BB-472C-8A48-C57F5090A26A}.Ad-Hoc|iPhone.Build.0 = Ad-Hoc|iPhone
		{E54AF65F-76BB-472C-8A48-C57F5090A26A}.Ad-Hoc|iPhoneSimulator.ActiveCfg = Ad-Hoc|iPhoneSimulator
		{E54AF65F-76BB-472C-8A48-C57F5090A26A}.Ad-Hoc|iPhoneSimulator.Build.0 = Ad-Hoc|iPhoneSimulator
		{E54AF65F-76BB-472C-8A48-C57F5090A26A}.Ad-Hoc|x64.ActiveCfg = Ad-Hoc|iPhone
		{E54AF65F-76BB-472C-8A48-C57F5090A26A}.Ad-Hoc|x86.ActiveCfg = Ad-Hoc|iPhone
		{E54AF65F-76BB-472C-8A48-C57F5090A26A}.AppStore|Any CPU.ActiveCfg = AppStore|iPhone
		{E54AF65F-76BB-472C-8A48-C57F5090A26A}.AppStore|ARM.ActiveCfg = AppStore|iPhone
		{E54AF65F-76BB-472C-8A48-C57F5090A26A}.AppStore|iPhone.ActiveCfg = AppStore|iPhone
		{E54AF65F-76BB-472C-8A48-C57F5090A26A}.AppStore|iPhone.Build.0 = AppStore|iPhone
		{E54AF65F-76BB-472C-8A48-C57F5090A26A}.AppStore|iPhoneSimulator.ActiveCfg = AppStore|iPhoneSimulator
		{E54AF65F-76BB-472C-8A48-C57F5090A26A}.AppStore|iPhoneSimulator.Build.0 = AppStore|iPhoneSimulator
		{E54AF65F-76BB-472C-8A48-C57F5090A26A}.AppStore|x64.ActiveCfg = AppStore|iPhone
		{E54AF65F-76BB-472C-8A48-C57F5090A26A}.AppStore|x86.ActiveCfg = AppStore|iPhone
		{E54AF65F-76BB-472C-8A48-C57F5090A26A}.Debug|Any CPU.ActiveCfg = Debug|iPhone
		{E54AF65F-76BB-472C-8A48-C57F5090A26A}.Debug|ARM.ActiveCfg = Debug|iPhone
		{E54AF65F-76BB-472C-8A48-C57F5090A26A}.Debug|iPhone.ActiveCfg = Debug|iPhone
		{E54AF65F-76BB-472C-8A48-C57F5090A26A}.Debug|iPhone.Build.0 = Debug|iPhone
		{E54AF65F-76BB-472C-8A48-C57F5090A26A}.Debug|iPhoneSimulator.ActiveCfg = Debug|iPhoneSimulator
		{E54AF65F-76BB-472C-8A48-C57F5090A26A}.Debug|iPhoneSimulator.Build.0 = Debug|iPhoneSimulator
		{E54AF65F-76BB-472C-8A48-C57F5090A26A}.Debug|x64.ActiveCfg = Debug|iPhone
		{E54AF65F-76BB-472C-8A48-C57F5090A26A}.Debug|x86.ActiveCfg = Debug|iPhone
		{E54AF65F-76BB-472C-8A48-C57F5090A26A}.Release|Any CPU.ActiveCfg = Release|iPhone
		{E54AF65F-76BB-472C-8A48-C57F5090A26A}.Release|ARM.ActiveCfg = Release|iPhone
		{E54AF65F-76BB-472C-8A48-C57F5090A26A}.Release|iPhone.ActiveCfg = Release|iPhone
		{E54AF65F-76BB-472C-8A48-C57F5090A26A}.Release|iPhone.Build.0 = Release|iPhone
		{E54AF65F-76BB-472C-8A48-C57F5090A26A}.Release|iPhoneSimulator.ActiveCfg = Release|iPhoneSimulator
		{E54AF65F-76BB-472C-8A48-C57F5090A26A}.Release|iPhoneSimulator.Build.0 = Release|iPhoneSimulator
		{E54AF65F-76BB-472C-8A48-C57F5090A26A}.Release|x64.ActiveCfg = Release|iPhone
		{E54AF65F-76BB-472C-8A48-C57F5090A26A}.Release|x86.ActiveCfg = Release|iPhone
		{1A222AE9-C450-4C95-B968-60A4428DB7DB}.Ad-Hoc|Any CPU.ActiveCfg = Release|Any CPU
		{1A222AE9-C450-4C95-B968-60A4428DB7DB}.Ad-Hoc|Any CPU.Build.0 = Release|Any CPU
		{1A222AE9-C450-4C95-B968-60A4428DB7DB}.Ad-Hoc|Any CPU.Deploy.0 = Release|Any CPU
		{1A222AE9-C450-4C95-B968-60A4428DB7DB}.Ad-Hoc|ARM.ActiveCfg = Release|ARM
		{1A222AE9-C450-4C95-B968-60A4428DB7DB}.Ad-Hoc|ARM.Build.0 = Release|ARM
		{1A222AE9-C450-4C95-B968-60A4428DB7DB}.Ad-Hoc|ARM.Deploy.0 = Release|ARM
		{1A222AE9-C450-4C95-B968-60A4428DB7DB}.Ad-Hoc|iPhone.ActiveCfg = Release|Any CPU
		{1A222AE9-C450-4C95-B968-60A4428DB7DB}.Ad-Hoc|iPhone.Build.0 = Release|Any CPU
		{1A222AE9-C450-4C95-B968-60A4428DB7DB}.Ad-Hoc|iPhone.Deploy.0 = Release|Any CPU
		{1A222AE9-C450-4C95-B968-60A4428DB7DB}.Ad-Hoc|iPhoneSimulator.ActiveCfg = Release|Any CPU
		{1A222AE9-C450-4C95-B968-60A4428DB7DB}.Ad-Hoc|iPhoneSimulator.Build.0 = Release|Any CPU
		{1A222AE9-C450-4C95-B968-60A4428DB7DB}.Ad-Hoc|iPhoneSimulator.Deploy.0 = Release|Any CPU
		{1A222AE9-C450-4C95-B968-60A4428DB7DB}.Ad-Hoc|x64.ActiveCfg = Release|Any CPU
		{1A222AE9-C450-4C95-B968-60A4428DB7DB}.Ad-Hoc|x64.Build.0 = Release|Any CPU
		{1A222AE9-C450-4C95-B968-60A4428DB7DB}.Ad-Hoc|x64.Deploy.0 = Release|Any CPU
		{1A222AE9-C450-4C95-B968-60A4428DB7DB}.Ad-Hoc|x86.ActiveCfg = Release|x86
		{1A222AE9-C450-4C95-B968-60A4428DB7DB}.Ad-Hoc|x86.Build.0 = Release|x86
		{1A222AE9-C450-4C95-B968-60A4428DB7DB}.Ad-Hoc|x86.Deploy.0 = Release|x86
		{1A222AE9-C450-4C95-B968-60A4428DB7DB}.AppStore|Any CPU.ActiveCfg = Release|Any CPU
		{1A222AE9-C450-4C95-B968-60A4428DB7DB}.AppStore|Any CPU.Build.0 = Release|Any CPU
		{1A222AE9-C450-4C95-B968-60A4428DB7DB}.AppStore|Any CPU.Deploy.0 = Release|Any CPU
		{1A222AE9-C450-4C95-B968-60A4428DB7DB}.AppStore|ARM.ActiveCfg = Release|ARM
		{1A222AE9-C450-4C95-B968-60A4428DB7DB}.AppStore|ARM.Build.0 = Release|ARM
		{1A222AE9-C450-4C95-B968-60A4428DB7DB}.AppStore|ARM.Deploy.0 = Release|ARM
		{1A222AE9-C450-4C95-B968-60A4428DB7DB}.AppStore|iPhone.ActiveCfg = Release|Any CPU
		{1A222AE9-C450-4C95-B968-60A4428DB7DB}.AppStore|iPhone.Build.0 = Release|Any CPU
		{1A222AE9-C450-4C95-B968-60A4428DB7DB}.AppStore|iPhone.Deploy.0 = Release|Any CPU
		{1A222AE9-C450-4C95-B968-60A4428DB7DB}.AppStore|iPhoneSimulator.ActiveCfg = Release|Any CPU
		{1A222AE9-C450-4C95-B968-60A4428DB7DB}.AppStore|iPhoneSimulator.Build.0 = Release|Any CPU
		{1A222AE9-C450-4C95-B968-60A4428DB7DB}.AppStore|iPhoneSimulator.Deploy.0 = Release|Any CPU
		{1A222AE9-C450-4C95-B968-60A4428DB7DB}.AppStore|x64.ActiveCfg = Release|Any CPU
		{1A222AE9-C450-4C95-B968-60A4428DB7DB}.AppStore|x64.Build.0 = Release|Any CPU
		{1A222AE9-C450-4C95-B968-60A4428DB7DB}.AppStore|x64.Deploy.0 = Release|Any CPU
		{1A222AE9-C450-4C95-B968-60A4428DB7DB}.AppStore|x86.ActiveCfg = Release|x86
		{1A222AE9-C450-4C95-B968-60A4428DB7DB}.AppStore|x86.Build.0 = Release|x86
		{1A222AE9-C450-4C95-B968-60A4428DB7DB}.AppStore|x86.Deploy.0 = Release|x86
		{1A222AE9-C450-4C95-B968-60A4428DB7DB}.Debug|Any CPU.ActiveCfg = Debug|Any CPU
		{1A222AE9-C450-4C95-B968-60A4428DB7DB}.Debug|Any CPU.Build.0 = Debug|Any CPU
		{1A222AE9-C450-4C95-B968-60A4428DB7DB}.Debug|Any CPU.Deploy.0 = Debug|Any CPU
		{1A222AE9-C450-4C95-B968-60A4428DB7DB}.Debug|ARM.ActiveCfg = Debug|ARM
		{1A222AE9-C450-4C95-B968-60A4428DB7DB}.Debug|ARM.Build.0 = Debug|ARM
		{1A222AE9-C450-4C95-B968-60A4428DB7DB}.Debug|ARM.Deploy.0 = Debug|ARM
		{1A222AE9-C450-4C95-B968-60A4428DB7DB}.Debug|iPhone.ActiveCfg = Debug|Any CPU
		{1A222AE9-C450-4C95-B968-60A4428DB7DB}.Debug|iPhone.Build.0 = Debug|Any CPU
		{1A222AE9-C450-4C95-B968-60A4428DB7DB}.Debug|iPhone.Deploy.0 = Debug|Any CPU
		{1A222AE9-C450-4C95-B968-60A4428DB7DB}.Debug|iPhoneSimulator.ActiveCfg = Debug|Any CPU
		{1A222AE9-C450-4C95-B968-60A4428DB7DB}.Debug|iPhoneSimulator.Build.0 = Debug|Any CPU
		{1A222AE9-C450-4C95-B968-60A4428DB7DB}.Debug|iPhoneSimulator.Deploy.0 = Debug|Any CPU
		{1A222AE9-C450-4C95-B968-60A4428DB7DB}.Debug|x64.ActiveCfg = Debug|Any CPU
		{1A222AE9-C450-4C95-B968-60A4428DB7DB}.Debug|x64.Build.0 = Debug|Any CPU
		{1A222AE9-C450-4C95-B968-60A4428DB7DB}.Debug|x64.Deploy.0 = Debug|Any CPU
		{1A222AE9-C450-4C95-B968-60A4428DB7DB}.Debug|x86.ActiveCfg = Debug|x86
		{1A222AE9-C450-4C95-B968-60A4428DB7DB}.Debug|x86.Build.0 = Debug|x86
		{1A222AE9-C450-4C95-B968-60A4428DB7DB}.Debug|x86.Deploy.0 = Debug|x86
		{1A222AE9-C450-4C95-B968-60A4428DB7DB}.Release|Any CPU.ActiveCfg = Release|Any CPU
		{1A222AE9-C450-4C95-B968-60A4428DB7DB}.Release|Any CPU.Build.0 = Release|Any CPU
		{1A222AE9-C450-4C95-B968-60A4428DB7DB}.Release|Any CPU.Deploy.0 = Release|Any CPU
		{1A222AE9-C450-4C95-B968-60A4428DB7DB}.Release|ARM.ActiveCfg = Release|ARM
		{1A222AE9-C450-4C95-B968-60A4428DB7DB}.Release|ARM.Build.0 = Release|ARM
		{1A222AE9-C450-4C95-B968-60A4428DB7DB}.Release|ARM.Deploy.0 = Release|ARM
		{1A222AE9-C450-4C95-B968-60A4428DB7DB}.Release|iPhone.ActiveCfg = Release|Any CPU
		{1A222AE9-C450-4C95-B968-60A4428DB7DB}.Release|iPhone.Build.0 = Release|Any CPU
		{1A222AE9-C450-4C95-B968-60A4428DB7DB}.Release|iPhone.Deploy.0 = Release|Any CPU
		{1A222AE9-C450-4C95-B968-60A4428DB7DB}.Release|iPhoneSimulator.ActiveCfg = Release|Any CPU
		{1A222AE9-C450-4C95-B968-60A4428DB7DB}.Release|iPhoneSimulator.Build.0 = Release|Any CPU
		{1A222AE9-C450-4C95-B968-60A4428DB7DB}.Release|iPhoneSimulator.Deploy.0 = Release|Any CPU
		{1A222AE9-C450-4C95-B968-60A4428DB7DB}.Release|x64.ActiveCfg = Release|Any CPU
		{1A222AE9-C450-4C95-B968-60A4428DB7DB}.Release|x64.Build.0 = Release|Any CPU
		{1A222AE9-C450-4C95-B968-60A4428DB7DB}.Release|x64.Deploy.0 = Release|Any CPU
		{1A222AE9-C450-4C95-B968-60A4428DB7DB}.Release|x86.ActiveCfg = Release|x86
		{1A222AE9-C450-4C95-B968-60A4428DB7DB}.Release|x86.Build.0 = Release|x86
		{1A222AE9-C450-4C95-B968-60A4428DB7DB}.Release|x86.Deploy.0 = Release|x86
		{D85AB325-42B0-4B3F-87CF-36F07B969C04}.Ad-Hoc|Any CPU.ActiveCfg = Release|Any CPU
		{D85AB325-42B0-4B3F-87CF-36F07B969C04}.Ad-Hoc|Any CPU.Build.0 = Release|Any CPU
		{D85AB325-42B0-4B3F-87CF-36F07B969C04}.Ad-Hoc|Any CPU.Deploy.0 = Release|Any CPU
		{D85AB325-42B0-4B3F-87CF-36F07B969C04}.Ad-Hoc|ARM.ActiveCfg = Release|ARM
		{D85AB325-42B0-4B3F-87CF-36F07B969C04}.Ad-Hoc|ARM.Build.0 = Release|ARM
		{D85AB325-42B0-4B3F-87CF-36F07B969C04}.Ad-Hoc|ARM.Deploy.0 = Release|ARM
		{D85AB325-42B0-4B3F-87CF-36F07B969C04}.Ad-Hoc|iPhone.ActiveCfg = Release|Any CPU
		{D85AB325-42B0-4B3F-87CF-36F07B969C04}.Ad-Hoc|iPhone.Build.0 = Release|Any CPU
		{D85AB325-42B0-4B3F-87CF-36F07B969C04}.Ad-Hoc|iPhone.Deploy.0 = Release|Any CPU
		{D85AB325-42B0-4B3F-87CF-36F07B969C04}.Ad-Hoc|iPhoneSimulator.ActiveCfg = Release|Any CPU
		{D85AB325-42B0-4B3F-87CF-36F07B969C04}.Ad-Hoc|iPhoneSimulator.Build.0 = Release|Any CPU
		{D85AB325-42B0-4B3F-87CF-36F07B969C04}.Ad-Hoc|iPhoneSimulator.Deploy.0 = Release|Any CPU
		{D85AB325-42B0-4B3F-87CF-36F07B969C04}.Ad-Hoc|x64.ActiveCfg = Release|x64
		{D85AB325-42B0-4B3F-87CF-36F07B969C04}.Ad-Hoc|x64.Build.0 = Release|x64
		{D85AB325-42B0-4B3F-87CF-36F07B969C04}.Ad-Hoc|x64.Deploy.0 = Release|x64
		{D85AB325-42B0-4B3F-87CF-36F07B969C04}.Ad-Hoc|x86.ActiveCfg = Release|x86
		{D85AB325-42B0-4B3F-87CF-36F07B969C04}.Ad-Hoc|x86.Build.0 = Release|x86
		{D85AB325-42B0-4B3F-87CF-36F07B969C04}.Ad-Hoc|x86.Deploy.0 = Release|x86
		{D85AB325-42B0-4B3F-87CF-36F07B969C04}.AppStore|Any CPU.ActiveCfg = Release|Any CPU
		{D85AB325-42B0-4B3F-87CF-36F07B969C04}.AppStore|Any CPU.Build.0 = Release|Any CPU
		{D85AB325-42B0-4B3F-87CF-36F07B969C04}.AppStore|Any CPU.Deploy.0 = Release|Any CPU
		{D85AB325-42B0-4B3F-87CF-36F07B969C04}.AppStore|ARM.ActiveCfg = Release|ARM
		{D85AB325-42B0-4B3F-87CF-36F07B969C04}.AppStore|ARM.Build.0 = Release|ARM
		{D85AB325-42B0-4B3F-87CF-36F07B969C04}.AppStore|ARM.Deploy.0 = Release|ARM
		{D85AB325-42B0-4B3F-87CF-36F07B969C04}.AppStore|iPhone.ActiveCfg = Release|Any CPU
		{D85AB325-42B0-4B3F-87CF-36F07B969C04}.AppStore|iPhone.Build.0 = Release|Any CPU
		{D85AB325-42B0-4B3F-87CF-36F07B969C04}.AppStore|iPhone.Deploy.0 = Release|Any CPU
		{D85AB325-42B0-4B3F-87CF-36F07B969C04}.AppStore|iPhoneSimulator.ActiveCfg = Release|Any CPU
		{D85AB325-42B0-4B3F-87CF-36F07B969C04}.AppStore|iPhoneSimulator.Build.0 = Release|Any CPU
		{D85AB325-42B0-4B3F-87CF-36F07B969C04}.AppStore|iPhoneSimulator.Deploy.0 = Release|Any CPU
		{D85AB325-42B0-4B3F-87CF-36F07B969C04}.AppStore|x64.ActiveCfg = Release|x64
		{D85AB325-42B0-4B3F-87CF-36F07B969C04}.AppStore|x64.Build.0 = Release|x64
		{D85AB325-42B0-4B3F-87CF-36F07B969C04}.AppStore|x64.Deploy.0 = Release|x64
		{D85AB325-42B0-4B3F-87CF-36F07B969C04}.AppStore|x86.ActiveCfg = Release|x86
		{D85AB325-42B0-4B3F-87CF-36F07B969C04}.AppStore|x86.Build.0 = Release|x86
		{D85AB325-42B0-4B3F-87CF-36F07B969C04}.AppStore|x86.Deploy.0 = Release|x86
		{D85AB325-42B0-4B3F-87CF-36F07B969C04}.Debug|Any CPU.ActiveCfg = Debug|Any CPU
		{D85AB325-42B0-4B3F-87CF-36F07B969C04}.Debug|Any CPU.Build.0 = Debug|Any CPU
		{D85AB325-42B0-4B3F-87CF-36F07B969C04}.Debug|Any CPU.Deploy.0 = Debug|Any CPU
		{D85AB325-42B0-4B3F-87CF-36F07B969C04}.Debug|ARM.ActiveCfg = Debug|ARM
		{D85AB325-42B0-4B3F-87CF-36F07B969C04}.Debug|ARM.Build.0 = Debug|ARM
		{D85AB325-42B0-4B3F-87CF-36F07B969C04}.Debug|ARM.Deploy.0 = Debug|ARM
		{D85AB325-42B0-4B3F-87CF-36F07B969C04}.Debug|iPhone.ActiveCfg = Debug|Any CPU
		{D85AB325-42B0-4B3F-87CF-36F07B969C04}.Debug|iPhone.Build.0 = Debug|Any CPU
		{D85AB325-42B0-4B3F-87CF-36F07B969C04}.Debug|iPhone.Deploy.0 = Debug|Any CPU
		{D85AB325-42B0-4B3F-87CF-36F07B969C04}.Debug|iPhoneSimulator.ActiveCfg = Debug|Any CPU
		{D85AB325-42B0-4B3F-87CF-36F07B969C04}.Debug|iPhoneSimulator.Build.0 = Debug|Any CPU
		{D85AB325-42B0-4B3F-87CF-36F07B969C04}.Debug|iPhoneSimulator.Deploy.0 = Debug|Any CPU
		{D85AB325-42B0-4B3F-87CF-36F07B969C04}.Debug|x64.ActiveCfg = Debug|x64
		{D85AB325-42B0-4B3F-87CF-36F07B969C04}.Debug|x64.Build.0 = Debug|x64
		{D85AB325-42B0-4B3F-87CF-36F07B969C04}.Debug|x64.Deploy.0 = Debug|x64
		{D85AB325-42B0-4B3F-87CF-36F07B969C04}.Debug|x86.ActiveCfg = Debug|x86
		{D85AB325-42B0-4B3F-87CF-36F07B969C04}.Debug|x86.Build.0 = Debug|x86
		{D85AB325-42B0-4B3F-87CF-36F07B969C04}.Debug|x86.Deploy.0 = Debug|x86
		{D85AB325-42B0-4B3F-87CF-36F07B969C04}.Release|Any CPU.ActiveCfg = Release|Any CPU
		{D85AB325-42B0-4B3F-87CF-36F07B969C04}.Release|Any CPU.Build.0 = Release|Any CPU
		{D85AB325-42B0-4B3F-87CF-36F07B969C04}.Release|Any CPU.Deploy.0 = Release|Any CPU
		{D85AB325-42B0-4B3F-87CF-36F07B969C04}.Release|ARM.ActiveCfg = Release|ARM
		{D85AB325-42B0-4B3F-87CF-36F07B969C04}.Release|ARM.Build.0 = Release|ARM
		{D85AB325-42B0-4B3F-87CF-36F07B969C04}.Release|ARM.Deploy.0 = Release|ARM
		{D85AB325-42B0-4B3F-87CF-36F07B969C04}.Release|iPhone.ActiveCfg = Release|Any CPU
		{D85AB325-42B0-4B3F-87CF-36F07B969C04}.Release|iPhone.Build.0 = Release|Any CPU
		{D85AB325-42B0-4B3F-87CF-36F07B969C04}.Release|iPhone.Deploy.0 = Release|Any CPU
		{D85AB325-42B0-4B3F-87CF-36F07B969C04}.Release|iPhoneSimulator.ActiveCfg = Release|Any CPU
		{D85AB325-42B0-4B3F-87CF-36F07B969C04}.Release|iPhoneSimulator.Build.0 = Release|Any CPU
		{D85AB325-42B0-4B3F-87CF-36F07B969C04}.Release|iPhoneSimulator.Deploy.0 = Release|Any CPU
		{D85AB325-42B0-4B3F-87CF-36F07B969C04}.Release|x64.ActiveCfg = Release|x64
		{D85AB325-42B0-4B3F-87CF-36F07B969C04}.Release|x64.Build.0 = Release|x64
		{D85AB325-42B0-4B3F-87CF-36F07B969C04}.Release|x64.Deploy.0 = Release|x64
		{D85AB325-42B0-4B3F-87CF-36F07B969C04}.Release|x86.ActiveCfg = Release|x86
		{D85AB325-42B0-4B3F-87CF-36F07B969C04}.Release|x86.Build.0 = Release|x86
		{D85AB325-42B0-4B3F-87CF-36F07B969C04}.Release|x86.Deploy.0 = Release|x86
		{BA19617F-AFA8-458E-AF43-23B8B0824F85}.Ad-Hoc|Any CPU.ActiveCfg = Release|Any CPU
		{BA19617F-AFA8-458E-AF43-23B8B0824F85}.Ad-Hoc|Any CPU.Build.0 = Release|Any CPU
		{BA19617F-AFA8-458E-AF43-23B8B0824F85}.Ad-Hoc|ARM.ActiveCfg = Release|Any CPU
		{BA19617F-AFA8-458E-AF43-23B8B0824F85}.Ad-Hoc|ARM.Build.0 = Release|Any CPU
		{BA19617F-AFA8-458E-AF43-23B8B0824F85}.Ad-Hoc|iPhone.ActiveCfg = Release|Any CPU
		{BA19617F-AFA8-458E-AF43-23B8B0824F85}.Ad-Hoc|iPhone.Build.0 = Release|Any CPU
		{BA19617F-AFA8-458E-AF43-23B8B0824F85}.Ad-Hoc|iPhoneSimulator.ActiveCfg = Release|Any CPU
		{BA19617F-AFA8-458E-AF43-23B8B0824F85}.Ad-Hoc|iPhoneSimulator.Build.0 = Release|Any CPU
		{BA19617F-AFA8-458E-AF43-23B8B0824F85}.Ad-Hoc|x64.ActiveCfg = Release|Any CPU
		{BA19617F-AFA8-458E-AF43-23B8B0824F85}.Ad-Hoc|x64.Build.0 = Release|Any CPU
		{BA19617F-AFA8-458E-AF43-23B8B0824F85}.Ad-Hoc|x86.ActiveCfg = Release|Any CPU
		{BA19617F-AFA8-458E-AF43-23B8B0824F85}.Ad-Hoc|x86.Build.0 = Release|Any CPU
		{BA19617F-AFA8-458E-AF43-23B8B0824F85}.AppStore|Any CPU.ActiveCfg = Release|Any CPU
		{BA19617F-AFA8-458E-AF43-23B8B0824F85}.AppStore|Any CPU.Build.0 = Release|Any CPU
		{BA19617F-AFA8-458E-AF43-23B8B0824F85}.AppStore|ARM.ActiveCfg = Release|Any CPU
		{BA19617F-AFA8-458E-AF43-23B8B0824F85}.AppStore|ARM.Build.0 = Release|Any CPU
		{BA19617F-AFA8-458E-AF43-23B8B0824F85}.AppStore|iPhone.ActiveCfg = Release|Any CPU
		{BA19617F-AFA8-458E-AF43-23B8B0824F85}.AppStore|iPhone.Build.0 = Release|Any CPU
		{BA19617F-AFA8-458E-AF43-23B8B0824F85}.AppStore|iPhoneSimulator.ActiveCfg = Release|Any CPU
		{BA19617F-AFA8-458E-AF43-23B8B0824F85}.AppStore|iPhoneSimulator.Build.0 = Release|Any CPU
		{BA19617F-AFA8-458E-AF43-23B8B0824F85}.AppStore|x64.ActiveCfg = Release|Any CPU
		{BA19617F-AFA8-458E-AF43-23B8B0824F85}.AppStore|x64.Build.0 = Release|Any CPU
		{BA19617F-AFA8-458E-AF43-23B8B0824F85}.AppStore|x86.ActiveCfg = Release|Any CPU
		{BA19617F-AFA8-458E-AF43-23B8B0824F85}.AppStore|x86.Build.0 = Release|Any CPU
		{BA19617F-AFA8-458E-AF43-23B8B0824F85}.Debug|Any CPU.ActiveCfg = Debug|Any CPU
		{BA19617F-AFA8-458E-AF43-23B8B0824F85}.Debug|Any CPU.Build.0 = Debug|Any CPU
		{BA19617F-AFA8-458E-AF43-23B8B0824F85}.Debug|ARM.ActiveCfg = Debug|Any CPU
		{BA19617F-AFA8-458E-AF43-23B8B0824F85}.Debug|ARM.Build.0 = Debug|Any CPU
		{BA19617F-AFA8-458E-AF43-23B8B0824F85}.Debug|iPhone.ActiveCfg = Debug|Any CPU
		{BA19617F-AFA8-458E-AF43-23B8B0824F85}.Debug|iPhone.Build.0 = Debug|Any CPU
		{BA19617F-AFA8-458E-AF43-23B8B0824F85}.Debug|iPhoneSimulator.ActiveCfg = Debug|Any CPU
		{BA19617F-AFA8-458E-AF43-23B8B0824F85}.Debug|iPhoneSimulator.Build.0 = Debug|Any CPU
		{BA19617F-AFA8-458E-AF43-23B8B0824F85}.Debug|x64.ActiveCfg = Debug|Any CPU
		{BA19617F-AFA8-458E-AF43-23B8B0824F85}.Debug|x64.Build.0 = Debug|Any CPU
		{BA19617F-AFA8-458E-AF43-23B8B0824F85}.Debug|x86.ActiveCfg = Debug|Any CPU
		{BA19617F-AFA8-458E-AF43-23B8B0824F85}.Debug|x86.Build.0 = Debug|Any CPU
		{BA19617F-AFA8-458E-AF43-23B8B0824F85}.Release|Any CPU.ActiveCfg = Release|Any CPU
		{BA19617F-AFA8-458E-AF43-23B8B0824F85}.Release|Any CPU.Build.0 = Release|Any CPU
		{BA19617F-AFA8-458E-AF43-23B8B0824F85}.Release|ARM.ActiveCfg = Release|Any CPU
		{BA19617F-AFA8-458E-AF43-23B8B0824F85}.Release|ARM.Build.0 = Release|Any CPU
		{BA19617F-AFA8-458E-AF43-23B8B0824F85}.Release|iPhone.ActiveCfg = Release|Any CPU
		{BA19617F-AFA8-458E-AF43-23B8B0824F85}.Release|iPhone.Build.0 = Release|Any CPU
		{BA19617F-AFA8-458E-AF43-23B8B0824F85}.Release|iPhoneSimulator.ActiveCfg = Release|Any CPU
		{BA19617F-AFA8-458E-AF43-23B8B0824F85}.Release|iPhoneSimulator.Build.0 = Release|Any CPU
		{BA19617F-AFA8-458E-AF43-23B8B0824F85}.Release|x64.ActiveCfg = Release|Any CPU
		{BA19617F-AFA8-458E-AF43-23B8B0824F85}.Release|x64.Build.0 = Release|Any CPU
		{BA19617F-AFA8-458E-AF43-23B8B0824F85}.Release|x86.ActiveCfg = Release|Any CPU
		{BA19617F-AFA8-458E-AF43-23B8B0824F85}.Release|x86.Build.0 = Release|Any CPU
		{67F9D3A8-F71E-4428-913F-C37AE82CDB24}.Ad-Hoc|Any CPU.ActiveCfg = Release|Any CPU
		{67F9D3A8-F71E-4428-913F-C37AE82CDB24}.Ad-Hoc|Any CPU.Build.0 = Release|Any CPU
		{67F9D3A8-F71E-4428-913F-C37AE82CDB24}.Ad-Hoc|ARM.ActiveCfg = Release|Any CPU
		{67F9D3A8-F71E-4428-913F-C37AE82CDB24}.Ad-Hoc|ARM.Build.0 = Release|Any CPU
		{67F9D3A8-F71E-4428-913F-C37AE82CDB24}.Ad-Hoc|iPhone.ActiveCfg = Release|Any CPU
		{67F9D3A8-F71E-4428-913F-C37AE82CDB24}.Ad-Hoc|iPhone.Build.0 = Release|Any CPU
		{67F9D3A8-F71E-4428-913F-C37AE82CDB24}.Ad-Hoc|iPhoneSimulator.ActiveCfg = Release|Any CPU
		{67F9D3A8-F71E-4428-913F-C37AE82CDB24}.Ad-Hoc|iPhoneSimulator.Build.0 = Release|Any CPU
		{67F9D3A8-F71E-4428-913F-C37AE82CDB24}.Ad-Hoc|x64.ActiveCfg = Release|Any CPU
		{67F9D3A8-F71E-4428-913F-C37AE82CDB24}.Ad-Hoc|x64.Build.0 = Release|Any CPU
		{67F9D3A8-F71E-4428-913F-C37AE82CDB24}.Ad-Hoc|x86.ActiveCfg = Release|Any CPU
		{67F9D3A8-F71E-4428-913F-C37AE82CDB24}.Ad-Hoc|x86.Build.0 = Release|Any CPU
		{67F9D3A8-F71E-4428-913F-C37AE82CDB24}.AppStore|Any CPU.ActiveCfg = Release|Any CPU
		{67F9D3A8-F71E-4428-913F-C37AE82CDB24}.AppStore|Any CPU.Build.0 = Release|Any CPU
		{67F9D3A8-F71E-4428-913F-C37AE82CDB24}.AppStore|ARM.ActiveCfg = Release|Any CPU
		{67F9D3A8-F71E-4428-913F-C37AE82CDB24}.AppStore|ARM.Build.0 = Release|Any CPU
		{67F9D3A8-F71E-4428-913F-C37AE82CDB24}.AppStore|iPhone.ActiveCfg = Release|Any CPU
		{67F9D3A8-F71E-4428-913F-C37AE82CDB24}.AppStore|iPhone.Build.0 = Release|Any CPU
		{67F9D3A8-F71E-4428-913F-C37AE82CDB24}.AppStore|iPhoneSimulator.ActiveCfg = Release|Any CPU
		{67F9D3A8-F71E-4428-913F-C37AE82CDB24}.AppStore|iPhoneSimulator.Build.0 = Release|Any CPU
		{67F9D3A8-F71E-4428-913F-C37AE82CDB24}.AppStore|x64.ActiveCfg = Release|Any CPU
		{67F9D3A8-F71E-4428-913F-C37AE82CDB24}.AppStore|x64.Build.0 = Release|Any CPU
		{67F9D3A8-F71E-4428-913F-C37AE82CDB24}.AppStore|x86.ActiveCfg = Release|Any CPU
		{67F9D3A8-F71E-4428-913F-C37AE82CDB24}.AppStore|x86.Build.0 = Release|Any CPU
		{67F9D3A8-F71E-4428-913F-C37AE82CDB24}.Debug|Any CPU.ActiveCfg = Debug|Any CPU
		{67F9D3A8-F71E-4428-913F-C37AE82CDB24}.Debug|Any CPU.Build.0 = Debug|Any CPU
		{67F9D3A8-F71E-4428-913F-C37AE82CDB24}.Debug|ARM.ActiveCfg = Debug|Any CPU
		{67F9D3A8-F71E-4428-913F-C37AE82CDB24}.Debug|ARM.Build.0 = Debug|Any CPU
		{67F9D3A8-F71E-4428-913F-C37AE82CDB24}.Debug|iPhone.ActiveCfg = Debug|Any CPU
		{67F9D3A8-F71E-4428-913F-C37AE82CDB24}.Debug|iPhone.Build.0 = Debug|Any CPU
		{67F9D3A8-F71E-4428-913F-C37AE82CDB24}.Debug|iPhoneSimulator.ActiveCfg = Debug|Any CPU
		{67F9D3A8-F71E-4428-913F-C37AE82CDB24}.Debug|iPhoneSimulator.Build.0 = Debug|Any CPU
		{67F9D3A8-F71E-4428-913F-C37AE82CDB24}.Debug|x64.ActiveCfg = Debug|Any CPU
		{67F9D3A8-F71E-4428-913F-C37AE82CDB24}.Debug|x64.Build.0 = Debug|Any CPU
		{67F9D3A8-F71E-4428-913F-C37AE82CDB24}.Debug|x86.ActiveCfg = Debug|Any CPU
		{67F9D3A8-F71E-4428-913F-C37AE82CDB24}.Debug|x86.Build.0 = Debug|Any CPU
		{67F9D3A8-F71E-4428-913F-C37AE82CDB24}.Release|Any CPU.ActiveCfg = Release|Any CPU
		{67F9D3A8-F71E-4428-913F-C37AE82CDB24}.Release|Any CPU.Build.0 = Release|Any CPU
		{67F9D3A8-F71E-4428-913F-C37AE82CDB24}.Release|ARM.ActiveCfg = Release|Any CPU
		{67F9D3A8-F71E-4428-913F-C37AE82CDB24}.Release|ARM.Build.0 = Release|Any CPU
		{67F9D3A8-F71E-4428-913F-C37AE82CDB24}.Release|iPhone.ActiveCfg = Release|Any CPU
		{67F9D3A8-F71E-4428-913F-C37AE82CDB24}.Release|iPhone.Build.0 = Release|Any CPU
		{67F9D3A8-F71E-4428-913F-C37AE82CDB24}.Release|iPhoneSimulator.ActiveCfg = Release|Any CPU
		{67F9D3A8-F71E-4428-913F-C37AE82CDB24}.Release|iPhoneSimulator.Build.0 = Release|Any CPU
		{67F9D3A8-F71E-4428-913F-C37AE82CDB24}.Release|x64.ActiveCfg = Release|Any CPU
		{67F9D3A8-F71E-4428-913F-C37AE82CDB24}.Release|x64.Build.0 = Release|Any CPU
		{67F9D3A8-F71E-4428-913F-C37AE82CDB24}.Release|x86.ActiveCfg = Release|Any CPU
		{67F9D3A8-F71E-4428-913F-C37AE82CDB24}.Release|x86.Build.0 = Release|Any CPU
		{40A044FF-549D-4F1D-B11A-50D8A3576EB0}.Ad-Hoc|Any CPU.ActiveCfg = Release|Any CPU
		{40A044FF-549D-4F1D-B11A-50D8A3576EB0}.Ad-Hoc|Any CPU.Build.0 = Release|Any CPU
		{40A044FF-549D-4F1D-B11A-50D8A3576EB0}.Ad-Hoc|ARM.ActiveCfg = Release|Any CPU
		{40A044FF-549D-4F1D-B11A-50D8A3576EB0}.Ad-Hoc|ARM.Build.0 = Release|Any CPU
		{40A044FF-549D-4F1D-B11A-50D8A3576EB0}.Ad-Hoc|iPhone.ActiveCfg = Release|Any CPU
		{40A044FF-549D-4F1D-B11A-50D8A3576EB0}.Ad-Hoc|iPhone.Build.0 = Release|Any CPU
		{40A044FF-549D-4F1D-B11A-50D8A3576EB0}.Ad-Hoc|iPhoneSimulator.ActiveCfg = Release|Any CPU
		{40A044FF-549D-4F1D-B11A-50D8A3576EB0}.Ad-Hoc|iPhoneSimulator.Build.0 = Release|Any CPU
		{40A044FF-549D-4F1D-B11A-50D8A3576EB0}.Ad-Hoc|x64.ActiveCfg = Release|Any CPU
		{40A044FF-549D-4F1D-B11A-50D8A3576EB0}.Ad-Hoc|x64.Build.0 = Release|Any CPU
		{40A044FF-549D-4F1D-B11A-50D8A3576EB0}.Ad-Hoc|x86.ActiveCfg = Release|Any CPU
		{40A044FF-549D-4F1D-B11A-50D8A3576EB0}.Ad-Hoc|x86.Build.0 = Release|Any CPU
		{40A044FF-549D-4F1D-B11A-50D8A3576EB0}.AppStore|Any CPU.ActiveCfg = Release|Any CPU
		{40A044FF-549D-4F1D-B11A-50D8A3576EB0}.AppStore|Any CPU.Build.0 = Release|Any CPU
		{40A044FF-549D-4F1D-B11A-50D8A3576EB0}.AppStore|ARM.ActiveCfg = Release|Any CPU
		{40A044FF-549D-4F1D-B11A-50D8A3576EB0}.AppStore|ARM.Build.0 = Release|Any CPU
		{40A044FF-549D-4F1D-B11A-50D8A3576EB0}.AppStore|iPhone.ActiveCfg = Release|Any CPU
		{40A044FF-549D-4F1D-B11A-50D8A3576EB0}.AppStore|iPhone.Build.0 = Release|Any CPU
		{40A044FF-549D-4F1D-B11A-50D8A3576EB0}.AppStore|iPhoneSimulator.ActiveCfg = Release|Any CPU
		{40A044FF-549D-4F1D-B11A-50D8A3576EB0}.AppStore|iPhoneSimulator.Build.0 = Release|Any CPU
		{40A044FF-549D-4F1D-B11A-50D8A3576EB0}.AppStore|x64.ActiveCfg = Release|Any CPU
		{40A044FF-549D-4F1D-B11A-50D8A3576EB0}.AppStore|x64.Build.0 = Release|Any CPU
		{40A044FF-549D-4F1D-B11A-50D8A3576EB0}.AppStore|x86.ActiveCfg = Release|Any CPU
		{40A044FF-549D-4F1D-B11A-50D8A3576EB0}.AppStore|x86.Build.0 = Release|Any CPU
		{40A044FF-549D-4F1D-B11A-50D8A3576EB0}.Debug|Any CPU.ActiveCfg = Debug|Any CPU
		{40A044FF-549D-4F1D-B11A-50D8A3576EB0}.Debug|Any CPU.Build.0 = Debug|Any CPU
		{40A044FF-549D-4F1D-B11A-50D8A3576EB0}.Debug|ARM.ActiveCfg = Debug|Any CPU
		{40A044FF-549D-4F1D-B11A-50D8A3576EB0}.Debug|ARM.Build.0 = Debug|Any CPU
		{40A044FF-549D-4F1D-B11A-50D8A3576EB0}.Debug|iPhone.ActiveCfg = Debug|Any CPU
		{40A044FF-549D-4F1D-B11A-50D8A3576EB0}.Debug|iPhone.Build.0 = Debug|Any CPU
		{40A044FF-549D-4F1D-B11A-50D8A3576EB0}.Debug|iPhoneSimulator.ActiveCfg = Debug|Any CPU
		{40A044FF-549D-4F1D-B11A-50D8A3576EB0}.Debug|iPhoneSimulator.Build.0 = Debug|Any CPU
		{40A044FF-549D-4F1D-B11A-50D8A3576EB0}.Debug|x64.ActiveCfg = Debug|Any CPU
		{40A044FF-549D-4F1D-B11A-50D8A3576EB0}.Debug|x64.Build.0 = Debug|Any CPU
		{40A044FF-549D-4F1D-B11A-50D8A3576EB0}.Debug|x86.ActiveCfg = Debug|Any CPU
		{40A044FF-549D-4F1D-B11A-50D8A3576EB0}.Debug|x86.Build.0 = Debug|Any CPU
		{40A044FF-549D-4F1D-B11A-50D8A3576EB0}.Release|Any CPU.ActiveCfg = Release|Any CPU
		{40A044FF-549D-4F1D-B11A-50D8A3576EB0}.Release|Any CPU.Build.0 = Release|Any CPU
		{40A044FF-549D-4F1D-B11A-50D8A3576EB0}.Release|ARM.ActiveCfg = Release|Any CPU
		{40A044FF-549D-4F1D-B11A-50D8A3576EB0}.Release|ARM.Build.0 = Release|Any CPU
		{40A044FF-549D-4F1D-B11A-50D8A3576EB0}.Release|iPhone.ActiveCfg = Release|Any CPU
		{40A044FF-549D-4F1D-B11A-50D8A3576EB0}.Release|iPhone.Build.0 = Release|Any CPU
		{40A044FF-549D-4F1D-B11A-50D8A3576EB0}.Release|iPhoneSimulator.ActiveCfg = Release|Any CPU
		{40A044FF-549D-4F1D-B11A-50D8A3576EB0}.Release|iPhoneSimulator.Build.0 = Release|Any CPU
		{40A044FF-549D-4F1D-B11A-50D8A3576EB0}.Release|x64.ActiveCfg = Release|Any CPU
		{40A044FF-549D-4F1D-B11A-50D8A3576EB0}.Release|x64.Build.0 = Release|Any CPU
		{40A044FF-549D-4F1D-B11A-50D8A3576EB0}.Release|x86.ActiveCfg = Release|Any CPU
		{40A044FF-549D-4F1D-B11A-50D8A3576EB0}.Release|x86.Build.0 = Release|Any CPU
	EndGlobalSection
	GlobalSection(SolutionProperties) = preSolution
		HideSolutionNode = FALSE
	EndGlobalSection
	GlobalSection(NestedProjects) = preSolution
		{CECD5054-DA32-40B6-A3F8-3DEE27F0882B} = {B454E3EB-C529-455B-B561-F11AABCD80B1}
		{E54AF65F-76BB-472C-8A48-C57F5090A26A} = {B454E3EB-C529-455B-B561-F11AABCD80B1}
		{1A222AE9-C450-4C95-B968-60A4428DB7DB} = {B454E3EB-C529-455B-B561-F11AABCD80B1}
		{D85AB325-42B0-4B3F-87CF-36F07B969C04} = {B454E3EB-C529-455B-B561-F11AABCD80B1}
	EndGlobalSection
EndGlobal
